<?xml version="1.0" encoding="UTF-8" standalone="yes" ?>
<CodeBlocks_project_file>
	<FileVersion major="1" minor="6" />
	<Project>
		<Option title="2dPhysics" />
		<Option pch_mode="2" />
		<Option compiler="gcc" />
		<Build>
			<Target title="Debug">
				<Option output="bin/Debug/2dPhysics" prefix_auto="1" extension_auto="1" />
				<Option object_output="obj/Debug/" />
				<Option type="1" />
				<Option compiler="gcc" />
				<Compiler>
					<Add option="-g" />
					<Add directory="/usr/include/SFML" />
					<Add directory="src/Physics" />
				</Compiler>
				<Linker>
					<Add library="sfml-graphics" />
					<Add library="sfml-window" />
					<Add library="sfml-system" />
					<Add directory="/usr/lib" />
					<Add directory="src/Physics" />
				</Linker>
			</Target>
			<Target title="Release">
				<Option output="bin/Release/2dPhysics" prefix_auto="1" extension_auto="1" />
				<Option object_output="obj/Release/" />
				<Option type="1" />
				<Option compiler="gcc" />
				<Compiler>
					<Add option="-O2" />
					<Add directory="/usr/include/SFML" />
					<Add directory="src/Physics" />
				</Compiler>
				<Linker>
					<Add option="-s" />
					<Add library="sfml-graphics" />
					<Add library="sfml-window" />
					<Add library="sfml-system" />
					<Add directory="/usr/lib" />
					<Add directory="src/Physics" />
				</Linker>
			</Target>
		</Build>
		<Compiler>
			<Add option="-Wall" />
			<Add option="-fexceptions" />
		</Compiler>
		<Unit filename="src/Physics/object.cpp" />
		<Unit filename="src/Physics/object.h" />
		<Unit filename="src/Physics/vector.cpp" />
		<Unit filename="src/Physics/vector.h" />
		<Unit filename="src/globals.cpp" />
		<Unit filename="src/globals.h" />
		<Unit filename="src/main.cpp" />
		<Unit filename="src/render.cpp" />
		<Unit filename="src/render.h" />
		<Unit filename="src/simulation.cpp" />
		<Unit filename="src/simulation.h" />
		<Extensions />
	</Project>
</CodeBlocks_project_file>
